a6ed8f4e275eee926d27e0c52f30f2d1c4d8409465ac1fbc4511f7cc62de51db  android/sdk/.openapi-generator-ignore
5207766737ddd83d1d9f979ca9f29437d752911adf934cfea98414ed3d6234b7  android/sdk/README.md
e1ae6b63efe3560b7c732868dd25f5ed3d035a6ccc135c73a36eede7cc122d9c  android/sdk/build.gradle
eea4a2fbb55559a8bfd8a5814ffb33d9cfd9257f63b0b4c921636c9c9a5fed69  android/sdk/docs/ApiV1AssetsAssetIdFavoritePutRequest.md
0e9420002b77d68069a191f4d95f97428738785bf9aee6ec721e27f1159f4db0  android/sdk/docs/ApiV1AssetsAssetIdTagsPutRequest.md
209d6e67114df7a610379fef1d9f44d98105c59e1dfe15ebfb6a90d2ede360f5  android/sdk/docs/ApiV1AssetsAssetIdTimelineTagsPostRequest.md
0eef735579382e2a8ac21f9f1e2af68a2123bc6cfef8502aaa82845238dffbe4  android/sdk/docs/ApiV1AssetsAssetIdTimelineTagsTagIdPutRequest.md
a994c398011690e15ee8b26bd00b51e6c1a9d434f32530f9b0e584cfa65dc66b  android/sdk/docs/ApiV1AuthorsAuthorIdFollowPutRequest.md
bd9b223dca2b5d4faccae7956d7a9738f9d00c8ba4cc5b3d2afa6365ebd5082f  android/sdk/docs/ApiV1AuthorsImportTxtPostRequest.md
b61e200ee1dbc553aa2f07ba87d04d71dbc7fc9e0e2b181a336242b9d82e84bf  android/sdk/docs/ApiV1DirsPostRequest.md
0cc7dab03a34c71e7f85e21ee29dfa7b14b997479261a507430bf19e84d2b71a  android/sdk/docs/ApiV1LibrariesLibraryIdEnabledPutRequest.md
7f960d566131ea5b6d4a8eaf0c285f3692b6231c7e096093a29e1f789afa8e6f  android/sdk/docs/ApiV1TagsPostRequest.md
ef0489c02251f0099a7d7346a19414c8a8011d36d8cc7515e373a2e43069ab2c  android/sdk/docs/AssetAuthorsReplaceRequest.md
0dfd0cd9eed2300d5b382cc21850e3a548c16a30a0f96de42d9a1981d84438ab  android/sdk/docs/AssetDetail.md
c8d6f3cf1ebf7e4928d97ebe6712ba648ee989f93cbab954eee41b24994157a0  android/sdk/docs/AssetFacets.md
c2aa1e77f26fc0325c7bd79b46e00a965becdb463766c74acef0ac2b76a2db47  android/sdk/docs/AssetPage.md
7974eb74fab75153ff1fc59e2ff80072fa437d01a5b1e54a746532a5490c9592  android/sdk/docs/AssetSummary.md
9a035721694b5832bb1284f4172791e84dc2a0bb33774546cfd1b4f6139674f9  android/sdk/docs/AuthSetupRequest.md
6be1392717e780e2a7877e921791442ecf05dc88e462ecadc491263e2f6d5e1e  android/sdk/docs/AuthToken.md
0847c4cf8fd5c987aad2e27d876913ec2c760cdbafa756e480747dbc0902ad54  android/sdk/docs/Author.md
bf8d2f248e18268607a75aef7262d156694366710d59751ae6f627b0891fad89  android/sdk/docs/AuthorMirrorConfig.md
d22106f3aee7a66aef7a451101e7660f60c1c150cdd5aa5dd3016bdb2174f41f  android/sdk/docs/AuthorSourcesWriteRequest.md
bcdf67ffe8f72dfb9aa5110cca1fa6235c4ccc4d716eddb0b517d1912815421c  android/sdk/docs/AuthorSuggest.md
9ad6e74907e886d68eb5dc52a5234b6e09579b284e59f8a3167326ad027c6132  android/sdk/docs/BackupInfo.md
771f166b34a48aa14a9abdac3c7ef1524802225b133393ba457aef0ed6203886  android/sdk/docs/BackupList.md
163de6365c5952d778a4c50b338a76f22c694d0a59d98a1fd8d806ec0bee3f7a  android/sdk/docs/BackupSchedule.md
daf0567c855e7148e7f1e3fbabe2b098cbdcce6cacbf0b7278aae3ac91105702  android/sdk/docs/ClientConfig.md
ecdbfc4970e14842d655920b780a5a700b2620f8ed88675bba9d91db5ddb5693  android/sdk/docs/ClientConfigScan.md
7225b818aeec0d095a6b8ad4fc760740f11e72ae231db1f6941cc5ae472de230  android/sdk/docs/ClientConfigUpload.md
28715d9e547a6664edddb6c6b7388a62b7783df52ad70311f00935fab4bb6d31  android/sdk/docs/ClientLogBatch.md
12c27b8670dd05e7253102c2a121d0f551f4334d60e2750f4210646605431862  android/sdk/docs/ClientLogEntry.md
23118505965fec56ce30c5135dce954797f6f60a845fd1c3a6f8d296d089ca16  android/sdk/docs/ClientLogPage.md
e2898794031d13940be56f63eb4fe7d780182e75427a03cd12e51d2a435af5a2  android/sdk/docs/CountRange.md
4fa6814793b0639e0f5c1e62ca5ce66d9ea9bac955eb66b52e9d9814fc2f7bc8  android/sdk/docs/CreateUploadRequest.md
8e14d1bf41d868a2a10323e9c841a8fd887bf01641e01127e62c10b795fcd1f0  android/sdk/docs/CustomSources.md
d2647348e023251e62afc5c39e7a0d2146bfe357b8e584b5a2951d5bec03d274  android/sdk/docs/DefaultApi.md
95a269db44976a5d094437cfbe51341cde2231a40224d1b38abc848256ebba1c  android/sdk/docs/DirTree.md
331127b77188cfc84a49da9b491b4604d4384a91fe2741145b688d68ccca3a84  android/sdk/docs/Error.md
e13f7d25da4386abdc82a5236f8e46d666c2b03e84a3880842392f53547b6eba  android/sdk/docs/FacetBucket.md
c22ba412b8a72fa84d89c84589d8e84cd4c0374826b32be2adda719c31c69318  android/sdk/docs/HistoryItem.md
ff2686bb5a7254067f26e7510ee4ead7f11ea04e5fed6ee6c5800873608ab3b8  android/sdk/docs/HistoryPage.md
08ce5dc0d576c9f779c3a96dcf6260927ce98a7fea51f78532140113dd20b065  android/sdk/docs/LegacyAppPrefs.md
0aa9fc6a89ed90a824e7d3c2e25ab2a927818cee42533b83b76d39199eb085cf  android/sdk/docs/LegacyAuthor.md
82303a7cc7771d6bb1a68d9c4d1ca90701339b07ee1d15d21dfe8e0f4d20ee0d  android/sdk/docs/LegacyAuthorMediaRef.md
a4d9ab92d980cc37328cf6eca7e16043139818bada334045412f86cf105d3688  android/sdk/docs/LegacyBackupData.md
94260c2f36f7942efdc20ac7bcb81dd6f30b7c93cbc4c7baa9ca0e13c9b8944e  android/sdk/docs/LegacyBackupFile.md
54c7219a74b966ebfe994a4a4b0118efb186aea26555414130cc3360aa1fed3d  android/sdk/docs/LegacyBackupImport.md
82834eafeeed3256624511e01872e0a011cd5f8eea5a8ee6b7e05d166a853dae  android/sdk/docs/LegacyCosWork.md
fc0ab0ac52927c40feb2aae9b5cee7221a577e6d5a93e0e441c3a0f3a8d67621  android/sdk/docs/LegacyDailyBrowse.md
c989cf7c6c32d01159a4a3a4d604c153baf2ba56099f7350892a2ff59d2d9c2b  android/sdk/docs/LegacyHistoryEntry.md
ee174d1a56aa96645df4772ed32dac7f6bfb6ccf68d8b9ef018cfa107a159f49  android/sdk/docs/LegacyImportResult.md
c77eb7cf449b644fe9b457fb9f87cf2f7a827b13a0814ddc3e403e37ff8d73c2  android/sdk/docs/LegacyLike.md
fedaccd0586ad9d08dedf9a3c7d80372a37688a2a4e7928f38bb3519924a365d  android/sdk/docs/LegacyMediaFile.md
2e2acc1e287c418310ff90bbdff7c070db4b217af281ade13ff0f39e242db88a  android/sdk/docs/LegacyMediaStats.md
0cddf950aa0bb85aa9771308ad249648af3600170095e791a0537e4db8f92c53  android/sdk/docs/LegacyMediaTagRef.md
7ee1f69f7e8e60f57d6645646a07d49371689683f8c1fedb617052d2f4063b87  android/sdk/docs/LegacyScanSource.md
e4a8d402ffe333b040adc55d553ff955b883c8f8f8081630873cee5a3144885e  android/sdk/docs/LegacySetting.md
0f3acd2ce08195f61a66d3a63de6f8bc2d49c1a9b1e7ad2c68322f4627d9eac7  android/sdk/docs/LegacyTag.md
b5e9c5db8158d7b454d4bbc6efda490b480c2a48e6251ec370ecee7204df06cb  android/sdk/docs/LegacyTimelineTag.md
c989fecb6f392cbda32af20e0c621e0030c3cb6938b2e5ab587598068d476abd  android/sdk/docs/LegacyTxtFragment.md
c770508b3055f6ecd019bc722c15aa831b0172361f6cff8736f5087d302ef944  android/sdk/docs/Library.md
cfac3fe31ff2c4ac0f262dfce76d3ed55ea7f92e94daf8daade668db9f1db683  android/sdk/docs/LibraryCapabilities.md
4a4536cc6b2ad005f8b0c99061352aa1dc323164285e19e74077615e01db4cf8  android/sdk/docs/LibraryChangedEvent.md
3f23ff4a3fbce10b0840bd5dd51f5fe83596ab0c761d05d7d59bd062ee6a54df  android/sdk/docs/LibraryCreate.md
96d3d3a606628a28cfdd78be4d4d5c98342133446f28894b0ced40a22ab86516  android/sdk/docs/LibraryRevision.md
8f1a9ea0ccbc20ee80be3c2f60ffad529b0e03cad823a013f4e241e847e9890c  android/sdk/docs/LikeState.md
a1a0dc05e26ce547dcc3e31ad5081d10c0d318c2c5fa30be6fb34fa204063ea2  android/sdk/docs/LocalSyncItem.md
a882c52e819a8bd63c673c9d654ca466266526e35780a076db625b4917862b02  android/sdk/docs/LocalSyncStatus.md
eedae793241a8a248e8fd310900a5ce9ed1baa8ce576d4c9a58951ad7592d812  android/sdk/docs/LocalSyncStatusCounts.md
3a7eefa7dda4ce4a9b3b9ed6420d125403ba0df95614de5bf7d9944512f824cf  android/sdk/docs/MediaType.md
ba96a7ade40badb7e900c2b94d96861302308ec84c3fb6104e8f23c27894f36a  android/sdk/docs/MostViewedItem.md
93c747b1e22499112209b13065440cadf00436e287debbd93f5d65bfbfb755ab  android/sdk/docs/MoveRequest.md
3b86b65751fb8486efbf262627885af9d0fa98a98f48f572465c4057eedc1f70  android/sdk/docs/NameSuggestions.md
39bc9c90dba896e1d83e39dc1010afd54a6c07482b67f4dc08d6993bdcecf9c2  android/sdk/docs/Partition.md
0cd7fdeee744dc24ca7032358587ccb69d3168cd4c045e5b9237fc4f846c7369  android/sdk/docs/ProgressUpdate.md
2fbdde2ebf3a6d97bf99fd378a0d8a193e8346096da421f424fef7e076ed1d73  android/sdk/docs/RecommendPrefs.md
8677ec689a44011e27a43347e3ed9d6e7a10025b040da0ef006fa568aa07a22d  android/sdk/docs/ScanProgressEvent.md
fdcb409c93cda30fcf7a6dd611396ba178760fd9e0668a75de6bcaabcf7b7e61  android/sdk/docs/SearchSuggestion.md
613cc4715ca86b4d497916f4fc50f56c2c90ecfe0991e42b781ff83eec6bff17  android/sdk/docs/SearchSuggestionType.md
910116f273a3b8a90d384add11a7eb320b3ea3524dfef8557ccb35f1fd32ce1e  android/sdk/docs/SearchSuggestions.md
5124f44ddc7364eff6fecfbff25078389e9bca08fda54946017260366b5922aa  android/sdk/docs/SizeRange.md
bd76e55243be556ae9c36b1169753fbd0141a5ed16498633f5ab46e41a422e5c  android/sdk/docs/SourceCount.md
fb55310ac1220bff227ce12fc2b96a091b460178aae5118ea3613e42d598efbd  android/sdk/docs/SourceVocabulary.md
f9db60d765cc03cb29f94f85165f129d9139d0c14c4c83698202290e9e4c7ed4  android/sdk/docs/StatsOverview.md
2edeb526c15922e98939dd416cd2910beda58632117ea8d32b15fc0eb118eb5e  android/sdk/docs/StatsSizeBySource.md
9b660f96cd6d140a91aaf0dc5d3b954202e861db91cc042a47a6e1f8ae1a6c7b  android/sdk/docs/StatsSizeByType.md
24a9f335e8d21dddcf836b33a9d519749751b3dd3625fb7fd4993ea22ffee02a  android/sdk/docs/SystemStatus.md
778a33790785740866832452dfb9dff2ccefdc3492a7c720b7b3a5c3ab863a8d  android/sdk/docs/SystemStatusDisksInner.md
5d6d846584bf399cac46a89a957f5189b5728cd425558e2b4e3e3d3f5498f98c  android/sdk/docs/Tag.md
42f01cdc88f79198f9a79670881e8fa8dfd967795a8995b8436c2af13ea003fd  android/sdk/docs/ThumbnailProgress.md
9f09d18cffbe1df91a9bcc360d7a3102a976505fcc4491447d59e727f1a00be2  android/sdk/docs/TimelineTag.md
e4ca21a36bd89511bb38b5f37fc2ec4367657a94fbea400f73a505505662d041  android/sdk/docs/TopAuthorItem.md
272aa37541e37276ddbd5cc9d0341a18481ccfc8bc7fde0d1842a9d3112ac717  android/sdk/docs/TopTagItem.md
9d44294edd812a91408436fc1c25eea7e6775b026ff0f9a1bd600b73cd8a2cbe  android/sdk/docs/TrashItem.md
f3b89cdcdeab0b0f1c5aef1a8f2118de2f83ee003d612d3ebb0e652ab7a21153  android/sdk/docs/TrendBucket.md
42898943fa4f36a5f901d8070a8ee3282e8eb0776b4a0779570e7e3347e33309  android/sdk/docs/TxtImportConflict.md
b493d8c9f655212f11647b568c98e972bb0e4e57a42714e8d89706c43473c5c9  android/sdk/docs/TxtImportConflictAuthor.md
77aa9565b227fd9212a3c251cde5039533a1837125a8dc03bb11a21e3aa7fd95  android/sdk/docs/TxtImportResult.md
fda031259f5347e51e56d5c1e6873ce49e665ff290204be0d7bcdecd5a185aad  android/sdk/docs/TxtImportedFile.md
32e0c59dba8b7e589131cb076f1df5cef49434b5e477384793527e5e6d46efd4  android/sdk/docs/UploadDoneEvent.md
6fc1991b7026fef8d419a90dab116f62dac905fdaf7ce3370f9695ceeb678d33  android/sdk/docs/UploadSession.md
3fbde3355bf0b496d5a751fa03375aaaff449eb05432555cd1b0919ead223589  android/sdk/docs/ViewEventReport.md
49517e23029528b0a08d9618f8145eb165ab2423961f75bf00bdca968905c451  android/sdk/gradle/wrapper/gradle-wrapper.jar
9a479a85aa879bb55284fc16d0de5b81a745c3854f4e2d88c42e7debaf007435  android/sdk/gradle/wrapper/gradle-wrapper.properties
fecdc6c20679342c8623b72eeb8d7155ee9d9151bd2c0d5a4c7486e62ad8de72  android/sdk/gradlew
2209f919a22528af59a2af2ad97e8d056cca18e39f7d87aa3fd549a73b180150  android/sdk/gradlew.bat
b30ad969fcb6498e130da05624a77797593457e0c30ef5dc76aca2a17c17d623  android/sdk/sdk.gradle
8aa8fdd6a92c41df3cd31295c1aa2be12d0ffa178790983ab815ae4d98b63741  android/sdk/settings.gradle
d33532c638764e8ad3ac760e1bd2cfb815469aa5e19713efedb371223ee34ac2  android/sdk/src/main/kotlin/media/qimeng/sdk/apis/DefaultApi.kt
27f34e346b13e09b9794d8400c23677418e1dabc5777e4dd205908e9a7e2056c  android/sdk/src/main/kotlin/media/qimeng/sdk/infrastructure/ApiAbstractions.kt
6220ecd56413b3ddc9cb07a1e9272532d41f5ce330b393fa24fc0991864c3cf5  android/sdk/src/main/kotlin/media/qimeng/sdk/infrastructure/ApiClient.kt
07fbd42f3d8ed46d32a594fbd35d31ec619224d479d96b2e4b5d61dec51abba7  android/sdk/src/main/kotlin/media/qimeng/sdk/infrastructure/ApiResponse.kt
8206bf1b27e9cfed93655f064fd2cd9aadd14dac076acd0e9a542cfe1e254c0b  android/sdk/src/main/kotlin/media/qimeng/sdk/infrastructure/BigDecimalAdapter.kt
312c082a0d300b824cf4dd12b63cb6358c9c6ad30f0dab43644b74706a4f4503  android/sdk/src/main/kotlin/media/qimeng/sdk/infrastructure/BigIntegerAdapter.kt
321015d56069612425c263f5e9a553537c638508b04fa0ba29f3750038ca95d7  android/sdk/src/main/kotlin/media/qimeng/sdk/infrastructure/ByteArrayAdapter.kt
7df83a21997b414c1173d5281d613db868e62761cdac7dce619e02e348587339  android/sdk/src/main/kotlin/media/qimeng/sdk/infrastructure/Errors.kt
8622b37e18e3f1113e5005346ed04e318e299b1a41ed1df536df8f106b60df49  android/sdk/src/main/kotlin/media/qimeng/sdk/infrastructure/LocalDateAdapter.kt
4863d2129105c5dd59f7c5e925fecc066d85b13e387d9142cc7794133881e49f  android/sdk/src/main/kotlin/media/qimeng/sdk/infrastructure/LocalDateTimeAdapter.kt
f813877badf3b8db4883a1f1322610810d5ad576ca20e8db16cb5295eb4a3958  android/sdk/src/main/kotlin/media/qimeng/sdk/infrastructure/OffsetDateTimeAdapter.kt
a0e5d62c9f9298edeba9f79f19f25b0433a63046376e5afaa13f7921e0d5e99b  android/sdk/src/main/kotlin/media/qimeng/sdk/infrastructure/PartConfig.kt
84a8843247cf21be6137612b3615ae87641780a6f8f8a047ff4dff6261cb15c9  android/sdk/src/main/kotlin/media/qimeng/sdk/infrastructure/RequestConfig.kt
e8feb72650a2a8981e0e8669f08e297c0910b15d1b041d16f9d8c518f8c00490  android/sdk/src/main/kotlin/media/qimeng/sdk/infrastructure/RequestMethod.kt
4b342252ff3ef01b49f0143dfe9415c8f7b1ecd53c9a4076d6d113bf6ed38404  android/sdk/src/main/kotlin/media/qimeng/sdk/infrastructure/ResponseExtensions.kt
c452f76651d9b0fccf5498b197ea09cc0d65de2d3b4faeeb84848ef94f81f4c0  android/sdk/src/main/kotlin/media/qimeng/sdk/infrastructure/Serializer.kt
b27b0681a3593e6ca6dee799a266e2b6e449f4933f5de656e2d6b8137e9f2d5b  android/sdk/src/main/kotlin/media/qimeng/sdk/infrastructure/URIAdapter.kt
6892b298f1ec7d3056d388c469911a4212df93ae954b557b1efbcdb89c03969f  android/sdk/src/main/kotlin/media/qimeng/sdk/infrastructure/UUIDAdapter.kt
c9fadbcc680db938815a40b313aa4f8ff02eef447d53649f12fe907a9db9006c  android/sdk/src/main/kotlin/media/qimeng/sdk/models/ApiV1AssetsAssetIdFavoritePutRequest.kt
8416cbeac8ad9c2d21d05a905588b4d2a31fe17a7f0be6a3589415c4bf6e1941  android/sdk/src/main/kotlin/media/qimeng/sdk/models/ApiV1AssetsAssetIdTagsPutRequest.kt
955bea40fab4f3b71176e7639308f294cc05d2081de0768fae1546c017dcf0be  android/sdk/src/main/kotlin/media/qimeng/sdk/models/ApiV1AssetsAssetIdTimelineTagsPostRequest.kt
5287acd5c94288f77811e1166f699039ef3bbd5ec1b3f1691a27a6dd13291239  android/sdk/src/main/kotlin/media/qimeng/sdk/models/ApiV1AssetsAssetIdTimelineTagsTagIdPutRequest.kt
587bea660b7a4c420967ce38679821b5bf0b0c7bbc8f9ca17557e6952643f492  android/sdk/src/main/kotlin/media/qimeng/sdk/models/ApiV1AuthorsAuthorIdFollowPutRequest.kt
147795c60719da92a18cf3ceb18e63f557c56fa1025ebce4c9a3b2e02a572cd3  android/sdk/src/main/kotlin/media/qimeng/sdk/models/ApiV1AuthorsImportTxtPostRequest.kt
37ae493709c075207b4dad07d92057403e30f968d1381b7459c52eeb2f48d9cf  android/sdk/src/main/kotlin/media/qimeng/sdk/models/ApiV1DirsPostRequest.kt
ee9c9908e9f720e18955d84029538f27e8e84c35f6631b43a3c00868d090e57c  android/sdk/src/main/kotlin/media/qimeng/sdk/models/ApiV1LibrariesLibraryIdEnabledPutRequest.kt
92c4a209c4ff038542f220d1c78db8c36cbca42bc5d980efdb401146cd2bc9b1  android/sdk/src/main/kotlin/media/qimeng/sdk/models/ApiV1TagsPostRequest.kt
8db1a536210b909ad0a3b0ef84277a39537a34175199885f6cc0921a68baa44d  android/sdk/src/main/kotlin/media/qimeng/sdk/models/AssetAuthorsReplaceRequest.kt
5cf7c07cb4714ce3dcdc0f4225cc0a3ff500eb386410e0d501ed952d3579e9f5  android/sdk/src/main/kotlin/media/qimeng/sdk/models/AssetDetail.kt
18ab7f5690b7f3b29673f90bdb661026a4bb65ad44ef50f4f92c5ee464ddad87  android/sdk/src/main/kotlin/media/qimeng/sdk/models/AssetFacets.kt
5b9d9f74949b0e48ff75f8ed7914b36d2709d2acd131f1f2315de3b4ebb6ad42  android/sdk/src/main/kotlin/media/qimeng/sdk/models/AssetPage.kt
a0d2cffecbb7926d9f4b5f0501988fdf36c3ff15db78a4f36962aea03dd04ee6  android/sdk/src/main/kotlin/media/qimeng/sdk/models/AssetSummary.kt
bc02e57fff2209f6396e3480ed49b85613a1c948dc5dbe9942637a276b70a3aa  android/sdk/src/main/kotlin/media/qimeng/sdk/models/AuthSetupRequest.kt
cd6266c705ecbd46c66b8d4689a16a0fa5ee248508a9eee0f7b0159e7a01cf66  android/sdk/src/main/kotlin/media/qimeng/sdk/models/AuthToken.kt
9480025ba82c315223e2b9e957ae6f59df749abcf3d8190054dcc00e89c267c2  android/sdk/src/main/kotlin/media/qimeng/sdk/models/Author.kt
75855645e1a67c67ac6ac49774549b3c615dc76da9becc9fd6675643b8d23c20  android/sdk/src/main/kotlin/media/qimeng/sdk/models/AuthorMirrorConfig.kt
fb12197173a83e8259541e3725c2065310f7eec11afce41619d3c9ee13767568  android/sdk/src/main/kotlin/media/qimeng/sdk/models/AuthorSourcesWriteRequest.kt
28af2940d53e3bb7702a0321596caaf93428a7db895de96cc4bb462d737627e0  android/sdk/src/main/kotlin/media/qimeng/sdk/models/AuthorSuggest.kt
3043259a6e33d5eb14141aaad6378bc84c9cc7ad9b5781b2f8d4d0c0f4a78453  android/sdk/src/main/kotlin/media/qimeng/sdk/models/BackupInfo.kt
f966184ee02cfa9667b301790dc89e37c7b2d0666be44c2e8ae70f0ee9b2a533  android/sdk/src/main/kotlin/media/qimeng/sdk/models/BackupList.kt
72783bc92c361eb673369e6eaa4cffe966afd896abc56413b108a152f8f17ee8  android/sdk/src/main/kotlin/media/qimeng/sdk/models/BackupSchedule.kt
2c90d88f47c2faaab9fe1e6f633ef9ec7de5c37b5f85e2d5dce9bdad6f635ab4  android/sdk/src/main/kotlin/media/qimeng/sdk/models/ClientConfig.kt
a24fbd98c554408122d42c20219db8304567f39e5566df6bc5221e1e2fefe496  android/sdk/src/main/kotlin/media/qimeng/sdk/models/ClientConfigScan.kt
6a166521cd6007190169ccce746e46d761cbda096e9bc6b345bc93ca92420daa  android/sdk/src/main/kotlin/media/qimeng/sdk/models/ClientConfigUpload.kt
024ac91e70fe915844075cbeea19e22a35b71ca9080016486d61f44487ebd98d  android/sdk/src/main/kotlin/media/qimeng/sdk/models/ClientLogBatch.kt
9701bf875b1795134542b57648f7cca37b901fc6d75844df155f7ebfbeefe154  android/sdk/src/main/kotlin/media/qimeng/sdk/models/ClientLogEntry.kt
c4f4eb7d3250492d2324e21b2af267b757cf34b810ff6521576bb14f1c25cd6f  android/sdk/src/main/kotlin/media/qimeng/sdk/models/ClientLogPage.kt
8968b577cfafd6618f816d260ba7381106d31488b639eb831c592af554e86c90  android/sdk/src/main/kotlin/media/qimeng/sdk/models/CountRange.kt
ec7ee22bae486fd12d1f0362b429ff8df287fba2a16786e7c9c308e467884518  android/sdk/src/main/kotlin/media/qimeng/sdk/models/CreateUploadRequest.kt
eb558718fca97009a9379341a4a0c6198367d5531ade859901c12b17540a3740  android/sdk/src/main/kotlin/media/qimeng/sdk/models/CustomSources.kt
0346d018c6974068c826e7b7556a76d515760a6a5ed44795ad2de8527d54156b  android/sdk/src/main/kotlin/media/qimeng/sdk/models/DirTree.kt
d86ac239c60ed1bd4a46996eaf8ff18e4f4daf89a9b4ec506641966c4809976a  android/sdk/src/main/kotlin/media/qimeng/sdk/models/Error.kt
7256f34d71f121effd24a806a4f9137f4db9e4308e9be9f99f060e82b0e0998b  android/sdk/src/main/kotlin/media/qimeng/sdk/models/FacetBucket.kt
1aa567bbb07763886c36bfa08e0d8dbda187c01367aca1806006566a8755a72c  android/sdk/src/main/kotlin/media/qimeng/sdk/models/HistoryItem.kt
c09c7bcb09bb177dbbc2b56469cd2f5338e7615666bb5412ed8da98e620e175a  android/sdk/src/main/kotlin/media/qimeng/sdk/models/HistoryPage.kt
c9c9341bfb0080ae83bbf6952e5278e8fab9c3e81caef08a968428e3385497fd  android/sdk/src/main/kotlin/media/qimeng/sdk/models/LegacyAppPrefs.kt
a93463ba9aa8d5a3d9d97b1746cab58b4b7a4cb5eacdcbf11dd2cf0c3cd57915  android/sdk/src/main/kotlin/media/qimeng/sdk/models/LegacyAuthor.kt
5a3caaf38946499bb52469fd671c69300455685f9e26d960c48799ff70c45986  android/sdk/src/main/kotlin/media/qimeng/sdk/models/LegacyAuthorMediaRef.kt
c90e10e2ed7c2abfe828c73df388ff6a892a2962a63de83e4a3313050aa761ff  android/sdk/src/main/kotlin/media/qimeng/sdk/models/LegacyBackupData.kt
a2213d3745c404e1b6c07a7b46a45d327d94ae5b759b66f016cabfbef2435247  android/sdk/src/main/kotlin/media/qimeng/sdk/models/LegacyBackupFile.kt
860cae517c169f0e27759826174833e7c03747afc52cd618332e13c2c83d5e6e  android/sdk/src/main/kotlin/media/qimeng/sdk/models/LegacyBackupImport.kt
82288905cab95a65fe7bed9ee001b878e5ec69aeff3c1c94a0fa700294e3e03a  android/sdk/src/main/kotlin/media/qimeng/sdk/models/LegacyCosWork.kt
14971a75716b4b2114e225831ebd39e3854cd42457c6c5ff13f20a7e2aa3b54b  android/sdk/src/main/kotlin/media/qimeng/sdk/models/LegacyDailyBrowse.kt
1ed332ccfd9ecb9bf747bf09c6fa9adf9c1157eb8d14ea96af46d096f8c6ecfe  android/sdk/src/main/kotlin/media/qimeng/sdk/models/LegacyHistoryEntry.kt
0927582e411e4eff44bd949eac84c210cd92f1c7779d2e12795b6a5b45de77b7  android/sdk/src/main/kotlin/media/qimeng/sdk/models/LegacyImportResult.kt
0bbf5139d7ef9b8d6e8521817339e76700f3265daa1d953fb830c1db828bddb8  android/sdk/src/main/kotlin/media/qimeng/sdk/models/LegacyLike.kt
028f410ae08810b87ec9bf7eac79da375ea80c191d57274fb9a7fced4686861e  android/sdk/src/main/kotlin/media/qimeng/sdk/models/LegacyMediaFile.kt
c5750c53b55dc20b3dcecc4242c1653a5dac09b5ebf32136b877ef02306dea0f  android/sdk/src/main/kotlin/media/qimeng/sdk/models/LegacyMediaStats.kt
7fba28ea44bfdc72a596e4875f007950e5ccd024c2c5a578cb5ce79e4a43c030  android/sdk/src/main/kotlin/media/qimeng/sdk/models/LegacyMediaTagRef.kt
c21b934749376fe3394d9ba1c32453ced33faad370d56309016cdc45682fd687  android/sdk/src/main/kotlin/media/qimeng/sdk/models/LegacyScanSource.kt
65565b100490240255351b3d9e3011d933aa3eb949933075a5f1faf2a2b0557a  android/sdk/src/main/kotlin/media/qimeng/sdk/models/LegacySetting.kt
8cd8250e7bdc4146efdaa2e5e2fbe3bed92fce08a9a5f17c05099479f4e3a850  android/sdk/src/main/kotlin/media/qimeng/sdk/models/LegacyTag.kt
49d584d429db41d37564a649f6d9bd1ddb24764161d9d9f24fedb276c794a68c  android/sdk/src/main/kotlin/media/qimeng/sdk/models/LegacyTimelineTag.kt
f4508d5ffb76630b6bef78488f46f6ac51659f9c320278f2662560032117e03f  android/sdk/src/main/kotlin/media/qimeng/sdk/models/LegacyTxtFragment.kt
869b62268a454d55c89356eb84c0e4db3414477663f150f7acffef02eb946ac4  android/sdk/src/main/kotlin/media/qimeng/sdk/models/Library.kt
f96f80a23f8f389973e9928cfc670ae898389af5d4dcbf26dff623e103efb7d3  android/sdk/src/main/kotlin/media/qimeng/sdk/models/LibraryCapabilities.kt
7a6179aaadb04cb8c3b38e89136832d5885027af0ce46360731e13d9d36d4728  android/sdk/src/main/kotlin/media/qimeng/sdk/models/LibraryChangedEvent.kt
8d3b136a345a7d7ea07a085c63d32df31254aba2f99bd95e1e1cb5a9ba4e419f  android/sdk/src/main/kotlin/media/qimeng/sdk/models/LibraryCreate.kt
31628165810a3768b854d84e9957a94898b19e36584f9cc31cbefa70a896c0e4  android/sdk/src/main/kotlin/media/qimeng/sdk/models/LibraryRevision.kt
2847c990aa92e2602cf5e7e7374905050d524d2ae26f6d8c7ac4e052d9787d8d  android/sdk/src/main/kotlin/media/qimeng/sdk/models/LikeState.kt
4255b6aa50b69714cbed0e894353e80619d044179dda0ccec2e89358d14d233c  android/sdk/src/main/kotlin/media/qimeng/sdk/models/LocalSyncItem.kt
5a1deaac244cf0b201696e7e7b563adf9997ebbda4014d19a7efd8d2ef130270  android/sdk/src/main/kotlin/media/qimeng/sdk/models/LocalSyncStatus.kt
f57d53835759b35b56d1cb99046c969c46f85e21a18527fbc8b7928892c7cbb7  android/sdk/src/main/kotlin/media/qimeng/sdk/models/LocalSyncStatusCounts.kt
0b671c0d431ff970ea59f65eda95eb2555504b36bfa7fb5b005a61c406c0b292  android/sdk/src/main/kotlin/media/qimeng/sdk/models/MediaType.kt
ba8cbd44417d469bd8b00f30a20892652e739b086bfc39858d4035c744681f5e  android/sdk/src/main/kotlin/media/qimeng/sdk/models/MostViewedItem.kt
d2a26fd169551572ff873a3662a69e874108cdc47808a6d64c4fa88ad4f1eaeb  android/sdk/src/main/kotlin/media/qimeng/sdk/models/MoveRequest.kt
9badd0eb1702ce31f747fba00cff11c262e2051fb17b4e28d554714d84818caa  android/sdk/src/main/kotlin/media/qimeng/sdk/models/NameSuggestions.kt
ac16322ce4891f8f442e17e8cf1629211b039c24fd044877b7fd15c5256737cd  android/sdk/src/main/kotlin/media/qimeng/sdk/models/Partition.kt
79a2f4e41025ee372c4ca933f5ce3e2b23103218bd9df9b07354a95c278f448f  android/sdk/src/main/kotlin/media/qimeng/sdk/models/ProgressUpdate.kt
6bc71a8f7fe86067e890bbf96a45952aa872589fe5c33f6fd16d6ddebf12adac  android/sdk/src/main/kotlin/media/qimeng/sdk/models/RecommendPrefs.kt
87ba6ba5b2fbc92aa98c3d7fd5a445846a6c0298c42ffd8b49f4766ef2127e17  android/sdk/src/main/kotlin/media/qimeng/sdk/models/ScanProgressEvent.kt
82b48ddf675802cb9824a828e5a871a5c66195b609ade65008ef5f032949cba9  android/sdk/src/main/kotlin/media/qimeng/sdk/models/SearchSuggestion.kt
98f4e2a1917eb0dc65f0b545fbf1004efd6bbf4619e4b748716558c4911952ac  android/sdk/src/main/kotlin/media/qimeng/sdk/models/SearchSuggestionType.kt
a7a900f42211dd9bb7a37a7dc76490622baf7e1cd0726fc154e9ea9d55ef7b8b  android/sdk/src/main/kotlin/media/qimeng/sdk/models/SearchSuggestions.kt
3bfef7cb927e8aefc5a14e44c468c77e4e56ccbeb71de541167ef590f9601343  android/sdk/src/main/kotlin/media/qimeng/sdk/models/SizeRange.kt
ef91355b64aa53ab8479f18a57c02a1bfb52b482ba0a5f9ed3597a41aad07bd1  android/sdk/src/main/kotlin/media/qimeng/sdk/models/SourceCount.kt
4206d12ae913f04c344c139efe263882731b77659654f0e4d452be809d861f4e  android/sdk/src/main/kotlin/media/qimeng/sdk/models/SourceVocabulary.kt
fac86ce517a46a79f6bd5c25eb918bfa9f753184ba49fc39a01a3537686ef21a  android/sdk/src/main/kotlin/media/qimeng/sdk/models/StatsOverview.kt
ede78f932af2fd9bc29bece4a38900a6e1b42df8b66976a736d1f7b915828ad9  android/sdk/src/main/kotlin/media/qimeng/sdk/models/StatsSizeBySource.kt
b463818604db032723c0a83252bc2d358aafa1e422c59640cc89057979e7aebc  android/sdk/src/main/kotlin/media/qimeng/sdk/models/StatsSizeByType.kt
0498a6d4ffe0d4fa78cd20a27176a8fed0020c481d7e65396179629f11a30158  android/sdk/src/main/kotlin/media/qimeng/sdk/models/SystemStatus.kt
cad88406be99157cd65004d6254bcc57c4774bf7ad9a864f3dd058ab78fc5a49  android/sdk/src/main/kotlin/media/qimeng/sdk/models/SystemStatusDisksInner.kt
1965b2abd3f5c31d18851739d86af36bc8d8a332dfa7af49074a127732de658a  android/sdk/src/main/kotlin/media/qimeng/sdk/models/Tag.kt
fe7702c95008e265debf88218b884c962a5129b29143b4f2d3e914d6e5f6d69b  android/sdk/src/main/kotlin/media/qimeng/sdk/models/ThumbnailProgress.kt
375d2deab10f93d26e11c603786a6574fbb7e2213b5871cdb3c7261116b9b2a3  android/sdk/src/main/kotlin/media/qimeng/sdk/models/TimelineTag.kt
fbb516f7077ddf2270c3c9bf087852e72d836d71f00997bcbc52c1a1415ef0dd  android/sdk/src/main/kotlin/media/qimeng/sdk/models/TopAuthorItem.kt
f2c3f01910e0be158ae17e5605f33e6131fed06d8f0c74cca5c679bb31133e30  android/sdk/src/main/kotlin/media/qimeng/sdk/models/TopTagItem.kt
b0c0b6d48e2d8cd44e1d7b4a94ab14f928a929034ff231042d7afa9aa8bc44b2  android/sdk/src/main/kotlin/media/qimeng/sdk/models/TrashItem.kt
e01cf7aa9014f8f45a7aa6cd52e107946291b90b1238bfc3fbcf00466a5cf0d4  android/sdk/src/main/kotlin/media/qimeng/sdk/models/TrendBucket.kt
9a0910c35be09716eff11e6f98a602e6e7ce62eef15cef8716c9c9cf407ef34b  android/sdk/src/main/kotlin/media/qimeng/sdk/models/TxtImportConflict.kt
4ca73574f4fc517f5a8de2936150f1a41be2bfaec552b027c8503e25b5dfba68  android/sdk/src/main/kotlin/media/qimeng/sdk/models/TxtImportConflictAuthor.kt
4ac09883873d00d6c48b26d488ec8fe24e745f3db7b6b19e311f7f0aceba50d5  android/sdk/src/main/kotlin/media/qimeng/sdk/models/TxtImportResult.kt
874242b85d6d617a09b7729bcc09adbf175b0f95a3735748ff3770018fba7c6d  android/sdk/src/main/kotlin/media/qimeng/sdk/models/TxtImportedFile.kt
3267541c502ac93fc4acd7b7b20889807d3851ff4d1085a4dda783bef3777af9  android/sdk/src/main/kotlin/media/qimeng/sdk/models/UploadDoneEvent.kt
48884f10e71f836e926bce912057f3b5ad49a071bd89c63ceeea58f628dff203  android/sdk/src/main/kotlin/media/qimeng/sdk/models/UploadSession.kt
946d74093a5a44f46b9f6da73f21625e2b83cdb4aba11c1514e43ff5350563c2  android/sdk/src/main/kotlin/media/qimeng/sdk/models/ViewEventReport.kt
8c06bbc130bc581f8fb45960604b51f4fd6d4a8b9694942e57db4929371338ea  server/internal/httpapi/gen/types.gen.go
b325822184abc7aed91c42bb1ea0697bb8ae178833c3fca97f6ec498398c1377  web/src/api/generated/client.gen.ts
8a17b0bf1540258734a128f176f6cb915c849b97d8064a613dba5ef8390e58d9  web/src/api/generated/client/client.gen.ts
949cc7333527c91928c32410c4a4a2dd2b90b99fe080eb8ce4505647852fbe1b  web/src/api/generated/client/index.ts
1a182888235bc21fa2efeb0409589ddf833317b8dd7db4855f198dfc1c47bb4a  web/src/api/generated/client/types.gen.ts
dce96188f7dfd8e9e5543199a42a5117e23042a7dd48e1ceaff9bb20898f8522  web/src/api/generated/client/utils.gen.ts
4b4aca5bd9b2c43a112bb74617295278d84f86360ada71a8db57f09cd0c254f4  web/src/api/generated/core/auth.gen.ts
a74163de6731f06f185948895cc4b5f8900e7d30ce76b9588717bad99ab165a7  web/src/api/generated/core/bodySerializer.gen.ts
097c75f6e269c6c8680641091832a69b38e8828e8ee8465318d32a177593330f  web/src/api/generated/core/params.gen.ts
6e80a19627d36fd2a9e8daee113713b2e047d107d42ead9b4a9ab344690b998c  web/src/api/generated/core/pathSerializer.gen.ts
adc570c9357a08624cce81dc503abd8d8ff60a76d25bd4d3a4afbe349d82d1f0  web/src/api/generated/core/queryKeySerializer.gen.ts
df993567abbe3e5b477d81517fb967cf63cf40b7866957d5dc6cc03238cb1426  web/src/api/generated/core/serverSentEvents.gen.ts
0c33c5e096608fc1f859d89bc17ce428e306c7aa3c2c30acd8affa5a734370af  web/src/api/generated/core/types.gen.ts
1b637c521d8136dfdbf8dfc4fcc8bb73e0c554466e4d2ca9c9086d4c712983c4  web/src/api/generated/core/utils.gen.ts
107c3299db54ef70ca53f127a5d5788297d05eb21a7507f85af227c0df20b95f  web/src/api/generated/index.ts
eeea66fb16fd90c2e1095fcfe73b78fdf0a088d24448a9f3278af2d232c5e1d1  web/src/api/generated/sdk.gen.ts
6d7e483a93dc8e6a4deb232a0ec338aa8912c1ae32b84a45d2205e2bc24d54a2  web/src/api/generated/types.gen.ts
